// !$*UTF8*$!
{
	archiveVersion = 1;
	classes = {
	};
	objectVersion = 56;
	objects = {

/* Begin PBXBuildFile section */
		99D85B6C2FA68105004B4439 /* FatmaxApp.swift in Sources */ = {isa = PBXBuildFile; fileRef = 99D85B6B2FA68105004B4439 /* FatmaxApp.swift */; };
		99D85B6E2FA68105004B4439 /* ContentView.swift in Sources */ = {isa = PBXBuildFile; fileRef = 99D85B6D2FA68105004B4439 /* ContentView.swift */; };
		99D85B702FA68107004B4439 /* Assets.xcassets in Resources */ = {isa = PBXBuildFile; fileRef = 99D85B6F2FA68107004B4439 /* Assets.xcassets */; };
		99D85B732FA68107004B4439 /* Preview Assets.xcassets in Resources */ = {isa = PBXBuildFile; fileRef = 99D85B722FA68107004B4439 /* Preview Assets.xcassets */; };
		99D85B7D2FA68108004B4439 /* FatmaxTests.swift in Sources */ = {isa = PBXBuildFile; fileRef = 99D85B7C2FA68108004B4439 /* FatmaxTests.swift */; };
		99D85B872FA68108004B4439 /* FatmaxUITests.swift in Sources */ = {isa = PBXBuildFile; fileRef = 99D85B862FA68108004B4439 /* FatmaxUITests.swift */; };
		99D85B892FA68108004B4439 /* FatmaxUITestsLaunchTests.swift in Sources */ = {isa = PBXBuildFile; fileRef = 99D85B882FA68108004B4439 /* FatmaxUITestsLaunchTests.swift */; };
/* End PBXBuildFile section */

/* Begin PBXContainerItemProxy section */
		99D85B792FA68108004B4439 /* PBXContainerItemProxy */ = {
			isa = PBXContainerItemProxy;
			containerPortal = 99D85B602FA68105004B4439 /* Project object */;
			proxyType = 1;
			remoteGlobalIDString = 99D85B672FA68105004B4439;
			remoteInfo = Fatmax;
		};
		99D85B832FA68108004B4439 /* PBXContainerItemProxy */ = {
			isa = PBXContainerItemProxy;
			containerPortal = 99D85B602FA68105004B4439 /* Project object */;
			proxyType = 1;
			remoteGlobalIDString = 99D85B672FA68105004B4439;
			remoteInfo = Fatmax;
		};
/* End PBXContainerItemProxy section */

/* Begin PBXFileReference section */
		99D85B682FA68105004B4439 /* Fatmax.app */ = {isa = PBXFileReference; explicitFileType = wrapper.application; includeInIndex = 0; path = Fatmax.app; sourceTree = BUILT_PRODUCTS_DIR; };
		99D85B6B2FA68105004B4439 /* FatmaxApp.swift */ = {isa = PBXFileReference; lastKnownFileType = sourcecode.swift; path = FatmaxApp.swift; sourceTree = "<group>"; };
		99D85B6D2FA68105004B4439 /* ContentView.swift */ = {isa = PBXFileReference; lastKnownFileType = sourcecode.swift; path = ContentView.swift; sourceTree = "<group>"; };
		99D85B6F2FA68107004B4439 /* Assets.xcassets */ = {isa = PBXFileReference; lastKnownFileType = folder.assetcatalog; path = Assets.xcassets; sourceTree = "<group>"; };
		99D85B722FA68107004B4439 /* Preview Assets.xcassets */ = {isa = PBXFileReference; lastKnownFileType = folder.assetcatalog; path = "Preview Assets.xcassets"; sourceTree = "<group>"; };
		99D85B782FA68108004B4439 /* FatmaxTests.xctest */ = {isa = PBXFileReference; explicitFileType = wrapper.cfbundle; includeInIndex = 0; path = FatmaxTests.xctest; sourceTree = BUILT_PRODUCTS_DIR; };
		99D85B7C2FA68108004B4439 /* FatmaxTests.swift */ = {isa = PBXFileReference; lastKnownFileType = sourcecode.swift; path = FatmaxTests.swift; sourceTree = "<group>"; };
		99D85B822FA68108004B4439 /* FatmaxUITests.xctest */ = {isa = PBXFileReference; explicitFileType = wrapper.cfbundle; includeInIndex = 0; path = FatmaxUITests.xctest; sourceTree = BUILT_PRODUCTS_DIR; };
		99D85B862FA68108004B4439 /* FatmaxUITests.swift */ = {isa = PBXFileReference; lastKnownFileType = sourcecode.swift; path = FatmaxUITests.swift; sourceTree = "<group>"; };
		99D85B882FA68108004B4439 /* FatmaxUITestsLaunchTests.swift */ = {isa = PBXFileReference; lastKnownFileType = sourcecode.swift; path = FatmaxUITestsLaunchTests.swift; sourceTree = "<group>"; };
/* End PBXFileReference section */

/* Begin PBXFrameworksBuildPhase section */
		99D85B652FA68105004B4439 /* Frameworks */ = {
			isa = PBXFrameworksBuildPhase;
			buildActionMask = 2147483647;
			files = (
			);
			runOnlyForDeploymentPostprocessing = 0;
		};
		99D85B752FA68108004B4439 /* Frameworks */ = {
			isa = PBXFrameworksBuildPhase;
			buildActionMask = 2147483647;
			files = (
			);
			runOnlyForDeploymentPostprocessing = 0;
		};
		99D85B7F2FA68108004B4439 /* Frameworks */ = {
			isa = PBXFrameworksBuildPhase;
			buildActionMask = 2147483647;
			files = (
			);
			runOnlyForDeploymentPostprocessing = 0;
		};
/* End PBXFrameworksBuildPhase section */

/* Begin PBXGroup section */
		99D85B5F2FA68105004B4439 = {
			isa = PBXGroup;
			children = (
				99D85B6A2FA68105004B4439 /* Fatmax */,
				99D85B7B2FA68108004B4439 /* FatmaxTests */,
				99D85B852FA68108004B4439 /* FatmaxUITests */,
				99D85B692FA68105004B4439 /* Products */,
			);
			sourceTree = "<group>";
		};
		99D85B692FA68105004B4439 /* Products */ = {
			isa = PBXGroup;
			children = (
				99D85B682FA68105004B4439 /* Fatmax.app */,
				99D85B782FA68108004B4439 /* FatmaxTests.xctest */,
				99D85B822FA68108004B4439 /* FatmaxUITests.xctest */,
			);
			name = Products;
			sourceTree = "<group>";
		};
		99D85B6A2FA68105004B4439 /* Fatmax */ = {
			isa = PBXGroup;
			children = (
				99D85B6B2FA68105004B4439 /* FatmaxApp.swift */,
				99D85B6D2FA68105004B4439 /* ContentView.swift */,
				99D85B6F2FA68107004B4439 /* Assets.xcassets */,
				99D85B712FA68107004B4439 /* Preview Content */,
			);
			path = Fatmax;
			sourceTree = "<group>";
		};
		99D85B712FA68107004B4439 /* Preview Content */ = {
			isa = PBXGroup;
			children = (
				99D85B722FA68107004B4439 /* Preview Assets.xcassets */,
			);
			path = "Preview Content";
			sourceTree = "<group>";
		};
		99D85B7B2FA68108004B4439 /* FatmaxTests */ = {
			isa = PBXGroup;
			children = (
				99D85B7C2FA68108004B4439 /* FatmaxTests.swift */,
			);
			path = FatmaxTests;
			sourceTree = "<group>";
		};
		99D85B852FA68108004B4439 /* FatmaxUITests */ = {
			isa = PBXGroup;
			children = (
				99D85B862FA68108004B4439 /* FatmaxUITests.swift */,
				99D85B882FA68108004B4439 /* FatmaxUITestsLaunchTests.swift */,
			);
			path = FatmaxUITests;
			sourceTree = "<group>";
		};
/* End PBXGroup section */

/* Begin PBXNativeTarget section */
		99D85B672FA68105004B4439 /* Fatmax */ = {
			isa = PBXNativeTarget;
			buildConfigurationList = 99D85B8C2FA68108004B4439 /* Build configuration list for PBXNativeTarget "Fatmax" */;
			buildPhases = (
				99D85B642FA68105004B4439 /* Sources */,
				99D85B652FA68105004B4439 /* Frameworks */,
				99D85B662FA68105004B4439 /* Resources */,
			);
			buildRules = (
			);
			dependencies = (
			);
			name = Fatmax;
			productName = Fatmax;
			productReference = 99D85B682FA68105004B4439 /* Fatmax.app */;
			productType = "com.apple.product-type.application";
		};
		99D85B772FA68108004B4439 /* FatmaxTests */ = {
			isa = PBXNativeTarget;
			buildConfigurationList = 99D85B8F2FA68108004B4439 /* Build configuration list for PBXNativeTarget "FatmaxTests" */;
			buildPhases = (
				99D85B742FA68108004B4439 /* Sources */,
				99D85B752FA68108004B4439 /* Frameworks */,
				99D85B762FA68108004B4439 /* Resources */,
			);
			buildRules = (
			);
			dependencies = (
				99D85B7A2FA68108004B4439 /* PBXTargetDependency */,
			);
			name = FatmaxTests;
			productName = FatmaxTests;
			productReference = 99D85B782FA68108004B4439 /* FatmaxTests.xctest */;
			productType = "com.apple.product-type.bundle.unit-test";
		};
		99D85B812FA68108004B4439 /* FatmaxUITests */ = {
			isa = PBXNativeTarget;
			buildConfigurationList = 99D85B922FA68108004B4439 /* Build configuration list for PBXNativeTarget "FatmaxUITests" */;
			buildPhases = (
				99D85B7E2FA68108004B4439 /* Sources */,
				99D85B7F2FA68108004B4439 /* Frameworks */,
				99D85B802FA68108004B4439 /* Resources */,
			);
			buildRules = (
			);
			dependencies = (
				99D85B842FA68108004B4439 /* PBXTargetDependency */,
			);
			name = FatmaxUITests;
			productName = FatmaxUITests;
			productReference = 99D85B822FA68108004B4439 /* FatmaxUITests.xctest */;
			productType = "com.apple.product-type.bundle.ui-testing";
		};
/* End PBXNativeTarget section */

/* Begin PBXProject section */
		99D85B602FA68105004B4439 /* Project object */ = {
			isa = PBXProject;
			attributes = {
				BuildIndependentTargetsInParallel = 1;
				LastSwiftUpdateCheck = 1540;
				LastUpgradeCheck = 1540;
				TargetAttributes = {
					99D85B672FA68105004B4439 = {
						CreatedOnToolsVersion = 15.4;
					};
					99D85B772FA68108004B4439 = {
						CreatedOnToolsVersion = 15.4;
						TestTargetID = 99D85B672FA68105004B4439;
					};
					99D85B812FA68108004B4439 = {
						CreatedOnToolsVersion = 15.4;
						TestTargetID = 99D85B672FA68105004B4439;
					};
				};
			};
			buildConfigurationList = 99D85B632FA68105004B4439 /* Build configuration list for PBXProject "Fatmax" */;
			compatibilityVersion = "Xcode 14.0";
			developmentRegion = en;
			hasScannedForEncodings = 0;
			knownRegions = (
				en,
				Base,
			);
			mainGroup = 99D85B5F2FA68105004B4439;
			productRefGroup = 99D85B692FA68105004B4439 /* Products */;
			projectDirPath = "";
			projectRoot = "";
			targets = (
				99D85B672FA68105004B4439 /* Fatmax */,
				99D85B772FA68108004B4439 /* FatmaxTests */,
				99D85B812FA68108004B4439 /* FatmaxUITests */,
			);
		};
/* End PBXProject section */

/* Begin PBXResourcesBuildPhase section */
		99D85B662FA68105004B4439 /* Resources */ = {
			isa = PBXResourcesBuildPhase;
			buildActionMask = 2147483647;
			files = (
				99D85B732FA68107004B4439 /* Preview Assets.xcassets in Resources */,
				99D85B702FA68107004B4439 /* Assets.xcassets in Resources */,
			);
			runOnlyForDeploymentPostprocessing = 0;
		};
		99D85B762FA68108004B4439 /* Resources */ = {
			isa = PBXResourcesBuildPhase;
			buildActionMask = 2147483647;
			files = (
			);
			runOnlyForDeploymentPostprocessing = 0;
		};
		99D85B802FA68108004B4439 /* Resources */ = {
			isa = PBXResourcesBuildPhase;
			buildActionMask = 2147483647;
			files = (
			);
			runOnlyForDeploymentPostprocessing = 0;
		};
/* End PBXResourcesBuildPhase section */

/* Begin PBXSourcesBuildPhase section */
		99D85B642FA68105004B4439 /* Sources */ = {
			isa = PBXSourcesBuildPhase;
			buildActionMask = 2147483647;
			files = (
				99D85B6E2FA68105004B4439 /* ContentView.swift in Sources */,
				99D85B6C2FA68105004B4439 /* FatmaxApp.swift in Sources */,
			);
			runOnlyForDeploymentPostprocessing = 0;
		};
		99D85B742FA68108004B4439 /* Sources */ = {
			isa = PBXSourcesBuildPhase;
			buildActionMask = 2147483647;
			files = (
				99D85B7D2FA68108004B4439 /* FatmaxTests.swift in Sources */,
			);
			runOnlyForDeploymentPostprocessing = 0;
		};
		99D85B7E2FA68108004B4439 /* Sources */ = {
			isa = PBXSourcesBuildPhase;
			buildActionMask = 2147483647;
			files = (
				99D85B872FA68108004B4439 /* FatmaxUITests.swift in Sources */,
				99D85B892FA68108004B4439 /* FatmaxUITestsLaunchTests.swift in Sources */,
			);
			runOnlyForDeploymentPostprocessing = 0;
		};
/* End PBXSourcesBuildPhase section */

/* Begin PBXTargetDependency section */
		99D85B7A2FA68108004B4439 /* PBXTargetDependency */ = {
			isa = PBXTargetDependency;
			target = 99D85B672FA68105004B4439 /* Fatmax */;
			targetProxy = 99D85B792FA68108004B4439 /* PBXContainerItemProxy */;
		};
		99D85B842FA68108004B4439 /* PBXTargetDependency */ = {
			isa = PBXTargetDependency;
			target = 99D85B672FA68105004B4439 /* Fatmax */;
			targetProxy = 99D85B832FA68108004B4439 /* PBXContainerItemProxy */;
		};
/* End PBXTargetDependency section */

/* Begin XCBuildConfiguration section */
		99D85B8A2FA68108004B4439 /* Debug */ = {
			isa = XCBuildConfiguration;
			buildSettings = {
				ALWAYS_SEARCH_USER_PATHS = NO;
				ASSETCATALOG_COMPILER_GENERATE_SWIFT_ASSET_SYMBOL_EXTENSIONS = YES;
				CLANG_ANALYZER_NONNULL = YES;
				CLANG_ANALYZER_NUMBER_OBJECT_CONVERSION = YES_AGGRESSIVE;
				CLANG_CXX_LANGUAGE_STANDARD = "gnu++20";
				CLANG_ENABLE_MODULES = YES;
				CLANG_ENABLE_OBJC_ARC = YES;
				CLANG_ENABLE_OBJC_WEAK = YES;
				CLANG_WARN_BLOCK_CAPTURE_AUTORELEASING = YES;
				CLANG_WARN_BOOL_CONVERSION = YES;
				CLANG_WARN_COMMA = YES;
				CLANG_WARN_CONSTANT_CONVERSION = YES;
				CLANG_WARN_DEPRECATED_OBJC_IMPLEMENTATIONS = YES;
				CLANG_WARN_DIRECT_OBJC_ISA_USAGE = YES_ERROR;
				CLANG_WARN_DOCUMENTATION_COMMENTS = YES;
				CLANG_WARN_EMPTY_BODY = YES;
				CLANG_WARN_ENUM_CONVERSION = YES;
				CLANG_WARN_INFINITE_RECURSION = YES;
				CLANG_WARN_INT_CONVERSION = YES;
				CLANG_WARN_NON_LITERAL_NULL_CONVERSION = YES;
				CLANG_WARN_OBJC_IMPLICIT_RETAIN_SELF = YES;
				CLANG_WARN_OBJC_LITERAL_CONVERSION = YES;
				CLANG_WARN_OBJC_ROOT_CLASS = YES_ERROR;
				CLANG_WARN_QUOTED_INCLUDE_IN_FRAMEWORK_HEADER = YES;
				CLANG_WARN_RANGE_LOOP_ANALYSIS = YES;
				CLANG_WARN_STRICT_PROTOTYPES = YES;
				CLANG_WARN_SUSPICIOUS_MOVE = YES;
				CLANG_WARN_UNGUARDED_AVAILABILITY = YES_AGGRESSIVE;
				CLANG_WARN_UNREACHABLE_CODE = YES;
				CLANG_WARN__DUPLICATE_METHOD_MATCH = YES;
				COPY_PHASE_STRIP = NO;
				DEBUG_INFORMATION_FORMAT = dwarf;
				ENABLE_STRICT_OBJC_MSGSEND = YES;
				ENABLE_TESTABILITY = YES;
				ENABLE_USER_SCRIPT_SANDBOXING = YES;
				GCC_C_LANGUAGE_STANDARD = gnu17;
				GCC_DYNAMIC_NO_PIC = NO;
				GCC_NO_COMMON_BLOCKS = YES;
				GCC_OPTIMIZATION_LEVEL = 0;
				GCC_PREPROCESSOR_DEFINITIONS = (
					"DEBUG=1",
					"$(inherited)",
				);
				GCC_WARN_64_TO_32_BIT_CONVERSION = YES;
				GCC_WARN_ABOUT_RETURN_TYPE = YES_ERROR;
				GCC_WARN_UNDECLARED_SELECTOR = YES;
				GCC_WARN_UNINITIALIZED_AUTOS = YES_AGGRESSIVE;
				GCC_WARN_UNUSED_FUNCTION = YES;
				GCC_WARN_UNUSED_VARIABLE = YES;
				IPHONEOS_DEPLOYMENT_TARGET = 17.5;
				LOCALIZATION_PREFERS_STRING_CATALOGS = YES;
				MTL_ENABLE_DEBUG_INFO = INCLUDE_SOURCE;
				MTL_FAST_MATH = YES;
				ONLY_ACTIVE_ARCH = YES;
				SDKROOT = iphoneos;
				SWIFT_ACTIVE_COMPILATION_CONDITIONS = "DEBUG $(inherited)";
				SWIFT_OPTIMIZATION_LEVEL = "-Onone";
			};
			name = Debug;
		};
		99D85B8B2FA68108004B4439 /* Release */ = {
			isa = XCBuildConfiguration;
			buildSettings = {
				ALWAYS_SEARCH_USER_PATHS = NO;
				ASSETCATALOG_COMPILER_GENERATE_SWIFT_ASSET_SYMBOL_EXTENSIONS = YES;
				CLANG_ANALYZER_NONNULL = YES;
				CLANG_ANALYZER_NUMBER_OBJECT_CONVERSION = YES_AGGRESSIVE;
				CLANG_CXX_LANGUAGE_STANDARD = "gnu++20";
				CLANG_ENABLE_MODULES = YES;
				CLANG_ENABLE_OBJC_ARC = YES;
				CLANG_ENABLE_OBJC_WEAK = YES;
				CLANG_WARN_BLOCK_CAPTURE_AUTORELEASING = YES;
				CLANG_WARN_BOOL_CONVERSION = YES;
				CLANG_WARN_COMMA = YES;
				CLANG_WARN_CONSTANT_CONVERSION = YES;
				CLANG_WARN_DEPRECATED_OBJC_IMPLEMENTATIONS = YES;
				CLANG_WARN_DIRECT_OBJC_ISA_USAGE = YES_ERROR;
				CLANG_WARN_DOCUMENTATION_COMMENTS = YES;
				CLANG_WARN_EMPTY_BODY = YES;
				CLANG_WARN_ENUM_CONVERSION = YES;
				CLANG_WARN_INFINITE_RECURSION = YES;
				CLANG_WARN_INT_CONVERSION = YES;
				CLANG_WARN_NON_LITERAL_NULL_CONVERSION = YES;
				CLANG_WARN_OBJC_IMPLICIT_RETAIN_SELF = YES;
				CLANG_WARN_OBJC_LITERAL_CONVERSION = YES;
				CLANG_WARN_OBJC_ROOT_CLASS = YES_ERROR;
				CLANG_WARN_QUOTED_INCLUDE_IN_FRAMEWORK_HEADER = YES;
				CLANG_WARN_RANGE_LOOP_ANALYSIS = YES;
				CLANG_WARN_STRICT_PROTOTYPES = YES;
				CLANG_WARN_SUSPICIOUS_MOVE = YES;
				CLANG_WARN_UNGUARDED_AVAILABILITY = YES_AGGRESSIVE;
				CLANG_WARN_UNREACHABLE_CODE = YES;
				CLANG_WARN__DUPLICATE_METHOD_MATCH = YES;
				COPY_PHASE_STRIP = NO;
				DEBUG_INFORMATION_FORMAT = "dwarf-with-dsym";
				ENABLE_NS_ASSERTIONS = NO;
				ENABLE_STRICT_OBJC_MSGSEND = YES;
				ENABLE_USER_SCRIPT_SANDBOXING = YES;
				GCC_C_LANGUAGE_STANDARD = gnu17;
				GCC_NO_COMMON_BLOCKS = YES;
				GCC_WARN_64_TO_32_BIT_CONVERSION = YES;
				GCC_WARN_ABOUT_RETURN_TYPE = YES_ERROR;
				GCC_WARN_UNDECLARED_SELECTOR = YES;
				GCC_WARN_UNINITIALIZED_AUTOS = YES_AGGRESSIVE;
				GCC_WARN_UNUSED_FUNCTION = YES;
				GCC_WARN_UNUSED_VARIABLE = YES;
				IPHONEOS_DEPLOYMENT_TARGET = 17.5;
				LOCALIZATION_PREFERS_STRING_CATALOGS = YES;
				MTL_ENABLE_DEBUG_INFO = NO;
				MTL_FAST_MATH = YES;
				SDKROOT = iphoneos;
				SWIFT_COMPILATION_MODE = wholemodule;
				VALIDATE_PRODUCT = YES;
			};
			name = Release;
		};
		99D85B8D2FA68108004B4439 /* Debug */ = {
			isa = XCBuildConfiguration;
			buildSettings = {
				ASSETCATALOG_COMPILER_APPICON_NAME = AppIcon;
				ASSETCATALOG_COMPILER_GLOBAL_ACCENT_COLOR_NAME = AccentColor;
				CODE_SIGN_STYLE = Automatic;
				CURRENT_PROJECT_VERSION = 1;
				DEVELOPMENT_ASSET_PATHS = "\"Fatmax/Preview Content\"";
				DEVELOPMENT_TEAM = V4QUTXJG4R;
				ENABLE_PREVIEWS = YES;
				GENERATE_INFOPLIST_FILE = YES;
				INFOPLIST_KEY_UIApplicationSceneManifest_Generation = YES;
				INFOPLIST_KEY_UIApplicationSupportsIndirectInputEvents = YES;
				INFOPLIST_KEY_UILaunchScreen_Generation = YES;
				INFOPLIST_KEY_UISupportedInterfaceOrientations_iPad = "UIInterfaceOrientationPortrait UIInterfaceOrientationPortraitUpsideDown UIInterfaceOrientationLandscapeLeft UIInterfaceOrientationLandscapeRight";
				INFOPLIST_KEY_UISupportedInterfaceOrientations_iPhone = "UIInterfaceOrientationPortrait UIInterfaceOrientationLandscapeLeft UIInterfaceOrientationLandscapeRight";
				LD_RUNPATH_SEARCH_PATHS = (
					"$(inherited)",
					"@executable_path/Frameworks",
				);
				MARKETING_VERSION = 1.0;
				PRODUCT_BUNDLE_IDENTIFIER = com.Fatmax;
				PRODUCT_NAME = "$(TARGET_NAME)";
				SWIFT_EMIT_LOC_STRINGS = YES;
				SWIFT_VERSION = 5.0;
				TARGETED_DEVICE_FAMILY = "1,2";
			};
			name = Debug;
		};
		99D85B8E2FA68108004B4439 /* Release */ = {
			isa = XCBuildConfiguration;
			buildSettings = {
				ASSETCATALOG_COMPILER_APPICON_NAME = AppIcon;
				ASSETCATALOG_COMPILER_GLOBAL_ACCENT_COLOR_NAME = AccentColor;
				CODE_SIGN_STYLE = Automatic;
				CURRENT_PROJECT_VERSION = 1;
				DEVELOPMENT_ASSET_PATHS = "\"Fatmax/Preview Content\"";
				DEVELOPMENT_TEAM = V4QUTXJG4R;
				ENABLE_PREVIEWS = YES;
				GENERATE_INFOPLIST_FILE = YES;
				INFOPLIST_KEY_UIApplicationSceneManifest_Generation = YES;
				INFOPLIST_KEY_UIApplicationSupportsIndirectInputEvents = YES;
				INFOPLIST_KEY_UILaunchScreen_Generation = YES;
				INFOPLIST_KEY_UISupportedInterfaceOrientations_iPad = "UIInterfaceOrientationPortrait UIInterfaceOrientationPortraitUpsideDown UIInterfaceOrientationLandscapeLeft UIInterfaceOrientationLandscapeRight";
				INFOPLIST_KEY_UISupportedInterfaceOrientations_iPhone = "UIInterfaceOrientationPortrait UIInterfaceOrientationLandscapeLeft UIInterfaceOrientationLandscapeRight";
				LD_RUNPATH_SEARCH_PATHS = (
					"$(inherited)",
					"@executable_path/Frameworks",
				);
				MARKETING_VERSION = 1.0;
				PRODUCT_BUNDLE_IDENTIFIER = com.Fatmax;
				PRODUCT_NAME = "$(TARGET_NAME)";
				SWIFT_EMIT_LOC_STRINGS = YES;
				SWIFT_VERSION = 5.0;
				TARGETED_DEVICE_FAMILY = "1,2";
			};
			name = Release;
		};
		99D85B902FA68108004B4439 /* Debug */ = {
			isa = XCBuildConfiguration;
			buildSettings = {
				ALWAYS_EMBED_SWIFT_STANDARD_LIBRARIES = YES;
				BUNDLE_LOADER = "$(TEST_HOST)";
				CODE_SIGN_STYLE = Automatic;
				CURRENT_PROJECT_VERSION = 1;
				DEVELOPMENT_TEAM = V4QUTXJG4R;
				GENERATE_INFOPLIST_FILE = YES;
				IPHONEOS_DEPLOYMENT_TARGET = 17.5;
				MARKETING_VERSION = 1.0;
				PRODUCT_BUNDLE_IDENTIFIER = com.FatmaxTests;
				PRODUCT_NAME = "$(TARGET_NAME)";
				SWIFT_EMIT_LOC_STRINGS = NO;
				SWIFT_VERSION = 5.0;
				TARGETED_DEVICE_FAMILY = "1,2";
				TEST_HOST = "$(BUILT_PRODUCTS_DIR)/Fatmax.app/$(BUNDLE_EXECUTABLE_FOLDER_PATH)/Fatmax";
			};
			name = Debug;
		};
		99D85B912FA68108004B4439 /* Release */ = {
			isa = XCBuildConfiguration;
			buildSettings = {
				ALWAYS_EMBED_SWIFT_STANDARD_LIBRARIES = YES;
				BUNDLE_LOADER = "$(TEST_HOST)";
				CODE_SIGN_STYLE = Automatic;
				CURRENT_PROJECT_VERSION = 1;
				DEVELOPMENT_TEAM = V4QUTXJG4R;
				GENERATE_INFOPLIST_FILE = YES;
				IPHONEOS_DEPLOYMENT_TARGET = 17.5;
				MARKETING_VERSION = 1.0;
				PRODUCT_BUNDLE_IDENTIFIER = com.FatmaxTests;
				PRODUCT_NAME = "$(TARGET_NAME)";
				SWIFT_EMIT_LOC_STRINGS = NO;
				SWIFT_VERSION = 5.0;
				TARGETED_DEVICE_FAMILY = "1,2";
				TEST_HOST = "$(BUILT_PRODUCTS_DIR)/Fatmax.app/$(BUNDLE_EXECUTABLE_FOLDER_PATH)/Fatmax";
			};
			name = Release;
		};
		99D85B932FA68108004B4439 /* Debug */ = {
			isa = XCBuildConfiguration;
			buildSettings = {
				ALWAYS_EMBED_SWIFT_STANDARD_LIBRARIES = YES;
				CODE_SIGN_STYLE = Automatic;
				CURRENT_PROJECT_VERSION = 1;
				DEVELOPMENT_TEAM = V4QUTXJG4R;
				GENERATE_INFOPLIST_FILE = YES;
				MARKETING_VERSION = 1.0;
				PRODUCT_BUNDLE_IDENTIFIER = com.FatmaxUITests;
				PRODUCT_NAME = "$(TARGET_NAME)";
				SWIFT_EMIT_LOC_STRINGS = NO;
				SWIFT_VERSION = 5.0;
				TARGETED_DEVICE_FAMILY = "1,2";
				TEST_TARGET_NAME = Fatmax;
			};
			name = Debug;
		};
		99D85B942FA68108004B4439 /* Release */ = {
			isa = XCBuildConfiguration;
			buildSettings = {
				ALWAYS_EMBED_SWIFT_STANDARD_LIBRARIES = YES;
				CODE_SIGN_STYLE = Automatic;
				CURRENT_PROJECT_VERSION = 1;
				DEVELOPMENT_TEAM = V4QUTXJG4R;
				GENERATE_INFOPLIST_FILE = YES;
				MARKETING_VERSION = 1.0;
				PRODUCT_BUNDLE_IDENTIFIER = com.FatmaxUITests;
				PRODUCT_NAME = "$(TARGET_NAME)";
				SWIFT_EMIT_LOC_STRINGS = NO;
				SWIFT_VERSION = 5.0;
				TARGETED_DEVICE_FAMILY = "1,2";
				TEST_TARGET_NAME = Fatmax;
			};
			name = Release;
		};
/* End XCBuildConfiguration section */

/* Begin XCConfigurationList section */
		99D85B632FA68105004B4439 /* Build configuration list for PBXProject "Fatmax" */ = {
			isa = XCConfigurationList;
			buildConfigurations = (
				99D85B8A2FA68108004B4439 /* Debug */,
				99D85B8B2FA68108004B4439 /* Release */,
			);
			defaultConfigurationIsVisible = 0;
			defaultConfigurationName = Release;
		};
		99D85B8C2FA68108004B4439 /* Build configuration list for PBXNativeTarget "Fatmax" */ = {
			isa = XCConfigurationList;
			buildConfigurations = (
				99D85B8D2FA68108004B4439 /* Debug */,
				99D85B8E2FA68108004B4439 /* Release */,
			);
			defaultConfigurationIsVisible = 0;
			defaultConfigurationName = Release;
		};
		99D85B8F2FA68108004B4439 /* Build configuration list for PBXNativeTarget "FatmaxTests" */ = {
			isa = XCConfigurationList;
			buildConfigurations = (
				99D85B902FA68108004B4439 /* Debug */,
				99D85B912FA68108004B4439 /* Release */,
			);
			defaultConfigurationIsVisible = 0;
			defaultConfigurationName = Release;
		};
		99D85B922FA68108004B4439 /* Build configuration list for PBXNativeTarget "FatmaxUITests" */ = {
			isa = XCConfigurationList;
			buildConfigurations = (
				99D85B932FA68108004B4439 /* Debug */,
				99D85B942FA68108004B4439 /* Release */,
			);
			defaultConfigurationIsVisible = 0;
			defaultConfigurationName = Release;
		};
/* End XCConfigurationList section */
	};
	rootObject = 99D85B602FA68105004B4439 /* Project object */;
}
